// !$*UTF8*$!
{
	archiveVersion = 1;
	classes = {
	};
	objectVersion = 42;
	objects = {

/* Begin PBXAggregateTarget section */
		1BD7897E0B4953E50094B0E4 /* Dist */ = {
			isa = PBXAggregateTarget;
			buildConfigurationList = 1BD789810B4954070094B0E4 /* Build configuration list for PBXAggregateTarget "Dist" */;
			buildPhases = (
				1BD7897D0B4953E50094B0E4 /* ShellScript */,
			);
			dependencies = (
				1BD789800B4953E90094B0E4 /* PBXTargetDependency */,
			);
			name = Dist;
			productName = Dist;
		};
/* End PBXAggregateTarget section */

/* Begin PBXBuildFile section */
		1B6BE27B0B4D89050079FFD5 /* library in Resources */ = {isa = PBXBuildFile; fileRef = 1B6BE2780B4D89050079FFD5 /* library */; };
		1B745B8B0B444E27002D019A /* WebScriptingProxy.m in Sources */ = {isa = PBXBuildFile; fileRef = 1B745B8A0B444E27002D019A /* WebScriptingProxy.m */; };
		1B745D1B0B445ACE002D019A /* SystemAppleScripts.plist in Resources */ = {isa = PBXBuildFile; fileRef = 1B745D1A0B445ACE002D019A /* SystemAppleScripts.plist */; };
		1B745DE40B452CCC002D019A /* icon.icns in Resources */ = {isa = PBXBuildFile; fileRef = 1B745DE30B452CCC002D019A /* icon.icns */; };
		1B745E5A0B4539ED002D019A /* DefaultPrefs.plist in Resources */ = {isa = PBXBuildFile; fileRef = 1B745E590B4539ED002D019A /* DefaultPrefs.plist */; };
		1BA9D0FC0B42819100BE67E3 /* WebKit.framework in Frameworks */ = {isa = PBXBuildFile; fileRef = 1BA9D0FB0B42819100BE67E3 /* WebKit.framework */; };
		1BA9D3D70B43277000BE67E3 /* AlwaysOnWindow.m in Sources */ = {isa = PBXBuildFile; fileRef = 1BA9D3D50B43277000BE67E3 /* AlwaysOnWindow.m */; };
		1BBAEBD10B374B3800957377 /* AppDelegate.m in Sources */ = {isa = PBXBuildFile; fileRef = 1BBAEBCF0B374B3800957377 /* AppDelegate.m */; };
		1BBAEBF00B37525300957377 /* IOKit.framework in Frameworks */ = {isa = PBXBuildFile; fileRef = 1BBAEBEF0B37525300957377 /* IOKit.framework */; };
		1BD7894A0B494B2E0094B0E4 /* Sparkle.framework in Frameworks */ = {isa = PBXBuildFile; fileRef = 1BD789490B494B2E0094B0E4 /* Sparkle.framework */; };
		1BD789650B494B800094B0E4 /* Sparkle.framework in CopyFiles */ = {isa = PBXBuildFile; fileRef = 1BD789490B494B2E0094B0E4 /* Sparkle.framework */; };
		1BE97AFB0B4D2478001D0D92 /* examples in Resources */ = {isa = PBXBuildFile; fileRef = 1BE97AF50B4D2478001D0D92 /* examples */; };
		1BFB70F80B41AD9000B25122 /* UsbHidDevice.m in Sources */ = {isa = PBXBuildFile; fileRef = 1BFB70F70B41AD9000B25122 /* UsbHidDevice.m */; };
		8D11072A0486CEB800E47090 /* MainMenu.nib in Resources */ = {isa = PBXBuildFile; fileRef = 29B97318FDCFA39411CA2CEA /* MainMenu.nib */; };
		8D11072B0486CEB800E47090 /* InfoPlist.strings in Resources */ = {isa = PBXBuildFile; fileRef = 089C165CFE840E0CC02AAC07 /* InfoPlist.strings */; };
		8D11072D0486CEB800E47090 /* main.m in Sources */ = {isa = PBXBuildFile; fileRef = 29B97316FDCFA39411CA2CEA /* main.m */; settings = {ATTRIBUTES = (); }; };
		8D11072F0486CEB800E47090 /* Cocoa.framework in Frameworks */ = {isa = PBXBuildFile; fileRef = 1058C7A1FEA54F0111CA2CBB /* Cocoa.framework */; };
/* End PBXBuildFile section */

/* Begin PBXContainerItemProxy section */
		1BD7897F0B4953E90094B0E4 /* PBXContainerItemProxy */ = {
			isa = PBXContainerItemProxy;
			containerPortal = 29B97313FDCFA39411CA2CEA /* Project object */;
			proxyType = 1;
			remoteGlobalIDString = 8D1107260486CEB800E47090;
			remoteInfo = LogitechLCDTool;
		};
/* End PBXContainerItemProxy section */

/* Begin PBXCopyFilesBuildPhase section */
		1BD789610B494B740094B0E4 /* CopyFiles */ = {
			isa = PBXCopyFilesBuildPhase;
			buildActionMask = 2147483647;
			dstPath = "";
			dstSubfolderSpec = 10;
			files = (
				1BD789650B494B800094B0E4 /* Sparkle.framework in CopyFiles */,
			);
			runOnlyForDeploymentPostprocessing = 0;
		};
/* End PBXCopyFilesBuildPhase section */

/* Begin PBXFileReference section */
		089C165DFE840E0CC02AAC07 /* English */ = {isa = PBXFileReference; fileEncoding = 10; lastKnownFileType = text.plist.strings; name = English; path = English.lproj/InfoPlist.strings; sourceTree = "<group>"; };
		1058C7A1FEA54F0111CA2CBB /* Cocoa.framework */ = {isa = PBXFileReference; lastKnownFileType = wrapper.framework; name = Cocoa.framework; path = /System/Library/Frameworks/Cocoa.framework; sourceTree = "<absolute>"; };
		13E42FB307B3F0F600E4EEF1 /* CoreData.framework */ = {isa = PBXFileReference; lastKnownFileType = wrapper.framework; name = CoreData.framework; path = /System/Library/Frameworks/CoreData.framework; sourceTree = "<absolute>"; };
		1B6BE2780B4D89050079FFD5 /* library */ = {isa = PBXFileReference; lastKnownFileType = folder; path = library; sourceTree = "<group>"; };
		1B745B890B444E27002D019A /* WebScriptingProxy.h */ = {isa = PBXFileReference; fileEncoding = 4; lastKnownFileType = sourcecode.c.h; name = WebScriptingProxy.h; path = src/WebScriptingProxy.h; sourceTree = "<group>"; };
		1B745B8A0B444E27002D019A /* WebScriptingProxy.m */ = {isa = PBXFileReference; fileEncoding = 4; lastKnownFileType = sourcecode.c.objc; name = WebScriptingProxy.m; path = src/WebScriptingProxy.m; sourceTree = "<group>"; };
		1B745D1A0B445ACE002D019A /* SystemAppleScripts.plist */ = {isa = PBXFileReference; fileEncoding = 30; lastKnownFileType = text.xml; path = SystemAppleScripts.plist; sourceTree = "<group>"; };
		1B745DE30B452CCC002D019A /* icon.icns */ = {isa = PBXFileReference; lastKnownFileType = image.icns; name = icon.icns; path = artwork/icon.icns; sourceTree = "<group>"; };
		1B745E590B4539ED002D019A /* DefaultPrefs.plist */ = {isa = PBXFileReference; fileEncoding = 30; lastKnownFileType = text.xml; path = DefaultPrefs.plist; sourceTree = "<group>"; };
		1BA9D0FB0B42819100BE67E3 /* WebKit.framework */ = {isa = PBXFileReference; lastKnownFileType = wrapper.framework; name = WebKit.framework; path = /System/Library/Frameworks/WebKit.framework; sourceTree = "<absolute>"; };
		1BA9D3D50B43277000BE67E3 /* AlwaysOnWindow.m */ = {isa = PBXFileReference; fileEncoding = 30; lastKnownFileType = sourcecode.c.objc; name = AlwaysOnWindow.m; path = src/AlwaysOnWindow.m; sourceTree = "<group>"; };
		1BA9D3D60B43277000BE67E3 /* AlwaysOnWindow.h */ = {isa = PBXFileReference; fileEncoding = 30; lastKnownFileType = sourcecode.c.h; name = AlwaysOnWindow.h; path = src/AlwaysOnWindow.h; sourceTree = "<group>"; };
		1BBAEBCF0B374B3800957377 /* AppDelegate.m */ = {isa = PBXFileReference; fileEncoding = 30; lastKnownFileType = sourcecode.c.objc; name = AppDelegate.m; path = src/AppDelegate.m; sourceTree = "<group>"; };
		1BBAEBD00B374B3800957377 /* AppDelegate.h */ = {isa = PBXFileReference; fileEncoding = 30; lastKnownFileType = sourcecode.c.h; name = AppDelegate.h; path = src/AppDelegate.h; sourceTree = "<group>"; };
		1BBAEBEF0B37525300957377 /* IOKit.framework */ = {isa = PBXFileReference; lastKnownFileType = wrapper.framework; name = IOKit.framework; path = /System/Library/Frameworks/IOKit.framework; sourceTree = "<absolute>"; };
		1BD789490B494B2E0094B0E4 /* Sparkle.framework */ = {isa = PBXFileReference; lastKnownFileType = wrapper.framework; name = Sparkle.framework; path = "Frameworks/Sparkle-1.1/Sparkle.framework"; sourceTree = "<group>"; };
		1BD789720B4950C90094B0E4 /* appcast.xml */ = {isa = PBXFileReference; fileEncoding = 4; lastKnownFileType = text.xml; path = appcast.xml; sourceTree = "<group>"; };
		1BD789DD0B4956000094B0E4 /* dist.sh */ = {isa = PBXFileReference; fileEncoding = 4; lastKnownFileType = text.script.sh; path = dist.sh; sourceTree = "<group>"; };
		1BE97AD40B4C00DF001D0D92 /* notes_links.txt */ = {isa = PBXFileReference; fileEncoding = 4; lastKnownFileType = text; path = notes_links.txt; sourceTree = "<group>"; };
		1BE97AF50B4D2478001D0D92 /* examples */ = {isa = PBXFileReference; lastKnownFileType = folder; path = examples; sourceTree = "<group>"; };
		1BFB70F60B41AD9000B25122 /* UsbHidDevice.h */ = {isa = PBXFileReference; fileEncoding = 4; lastKnownFileType = sourcecode.c.h; name = UsbHidDevice.h; path = src/UsbHidDevice.h; sourceTree = "<group>"; };
		1BFB70F70B41AD9000B25122 /* UsbHidDevice.m */ = {isa = PBXFileReference; fileEncoding = 4; lastKnownFileType = sourcecode.c.objc; name = UsbHidDevice.m; path = src/UsbHidDevice.m; sourceTree = "<group>"; };
		29B97316FDCFA39411CA2CEA /* main.m */ = {isa = PBXFileReference; fileEncoding = 4; lastKnownFileType = sourcecode.c.objc; path = main.m; sourceTree = "<group>"; };
		29B97319FDCFA39411CA2CEA /* English */ = {isa = PBXFileReference; lastKnownFileType = wrapper.nib; name = English; path = English.lproj/MainMenu.nib; sourceTree = "<group>"; };
		29B97324FDCFA39411CA2CEA /* AppKit.framework */ = {isa = PBXFileReference; lastKnownFileType = wrapper.framework; name = AppKit.framework; path = /System/Library/Frameworks/AppKit.framework; sourceTree = "<absolute>"; };
		29B97325FDCFA39411CA2CEA /* Foundation.framework */ = {isa = PBXFileReference; lastKnownFileType = wrapper.framework; name = Foundation.framework; path = /System/Library/Frameworks/Foundation.framework; sourceTree = "<absolute>"; };
		32CA4F630368D1EE00C91783 /* LogitechLCDTool_Prefix.pch */ = {isa = PBXFileReference; fileEncoding = 4; lastKnownFileType = sourcecode.c.h; path = LogitechLCDTool_Prefix.pch; sourceTree = "<group>"; };
		8D1107310486CEB800E47090 /* Info.plist */ = {isa = PBXFileReference; fileEncoding = 4; lastKnownFileType = text.plist; path = Info.plist; sourceTree = "<group>"; };
		8D1107320486CEB800E47090 /* LogitechLCDTool.app */ = {isa = PBXFileReference; explicitFileType = wrapper.application; includeInIndex = 0; path = LogitechLCDTool.app; sourceTree = BUILT_PRODUCTS_DIR; };
/* End PBXFileReference section */

/* Begin PBXFrameworksBuildPhase section */
		8D11072E0486CEB800E47090 /* Frameworks */ = {
			isa = PBXFrameworksBuildPhase;
			buildActionMask = 2147483647;
			files = (
				8D11072F0486CEB800E47090 /* Cocoa.framework in Frameworks */,
				1BBAEBF00B37525300957377 /* IOKit.framework in Frameworks */,
				1BA9D0FC0B42819100BE67E3 /* WebKit.framework in Frameworks */,
				1BD7894A0B494B2E0094B0E4 /* Sparkle.framework in Frameworks */,
			);
			runOnlyForDeploymentPostprocessing = 0;
		};
/* End PBXFrameworksBuildPhase section */

/* Begin PBXGroup section */
		080E96DDFE201D6D7F000001 /* Classes */ = {
			isa = PBXGroup;
			children = (
				1BA9D3D50B43277000BE67E3 /* AlwaysOnWindow.m */,
				1BA9D3D60B43277000BE67E3 /* AlwaysOnWindow.h */,
				1BBAEBCF0B374B3800957377 /* AppDelegate.m */,
				1BBAEBD00B374B3800957377 /* AppDelegate.h */,
				1BFB70F60B41AD9000B25122 /* UsbHidDevice.h */,
				1BFB70F70B41AD9000B25122 /* UsbHidDevice.m */,
				1B745B890B444E27002D019A /* WebScriptingProxy.h */,
				1B745B8A0B444E27002D019A /* WebScriptingProxy.m */,
			);
			name = Classes;
			sourceTree = "<group>";
		};
		1058C7A0FEA54F0111CA2CBB /* Linked Frameworks */ = {
			isa = PBXGroup;
			children = (
				1BD789490B494B2E0094B0E4 /* Sparkle.framework */,
				1BBAEBEF0B37525300957377 /* IOKit.framework */,
				1BA9D0FB0B42819100BE67E3 /* WebKit.framework */,
				1058C7A1FEA54F0111CA2CBB /* Cocoa.framework */,
			);
			name = "Linked Frameworks";
			sourceTree = "<group>";
		};
		1058C7A2FEA54F0111CA2CBB /* Other Frameworks */ = {
			isa = PBXGroup;
			children = (
				29B97324FDCFA39411CA2CEA /* AppKit.framework */,
				13E42FB307B3F0F600E4EEF1 /* CoreData.framework */,
				29B97325FDCFA39411CA2CEA /* Foundation.framework */,
			);
			name = "Other Frameworks";
			sourceTree = "<group>";
		};
		19C28FACFE9D520D11CA2CBB /* Products */ = {
			isa = PBXGroup;
			children = (
				8D1107320486CEB800E47090 /* LogitechLCDTool.app */,
			);
			name = Products;
			sourceTree = "<group>";
		};
		1BD78AE20B4A87090094B0E4 /* Build Support */ = {
			isa = PBXGroup;
			children = (
				1BD789DD0B4956000094B0E4 /* dist.sh */,
			);
			name = "Build Support";
			sourceTree = "<group>";
		};
		29B97314FDCFA39411CA2CEA /* LogitechLCDTool */ = {
			isa = PBXGroup;
			children = (
				1BE97AD40B4C00DF001D0D92 /* notes_links.txt */,
				1BD78AE20B4A87090094B0E4 /* Build Support */,
				080E96DDFE201D6D7F000001 /* Classes */,
				29B97315FDCFA39411CA2CEA /* Other Sources */,
				29B97317FDCFA39411CA2CEA /* Resources */,
				29B97323FDCFA39411CA2CEA /* Frameworks */,
				19C28FACFE9D520D11CA2CBB /* Products */,
			);
			name = LogitechLCDTool;
			sourceTree = "<group>";
		};
		29B97315FDCFA39411CA2CEA /* Other Sources */ = {
			isa = PBXGroup;
			children = (
				32CA4F630368D1EE00C91783 /* LogitechLCDTool_Prefix.pch */,
				29B97316FDCFA39411CA2CEA /* main.m */,
			);
			name = "Other Sources";
			sourceTree = "<group>";
		};
		29B97317FDCFA39411CA2CEA /* Resources */ = {
			isa = PBXGroup;
			children = (
				1BD789720B4950C90094B0E4 /* appcast.xml */,
				1B6BE2780B4D89050079FFD5 /* library */,
				1BE97AF50B4D2478001D0D92 /* examples */,
				1B745E590B4539ED002D019A /* DefaultPrefs.plist */,
				1B745DE30B452CCC002D019A /* icon.icns */,
				1B745D1A0B445ACE002D019A /* SystemAppleScripts.plist */,
				8D1107310486CEB800E47090 /* Info.plist */,
				089C165CFE840E0CC02AAC07 /* InfoPlist.strings */,
				29B97318FDCFA39411CA2CEA /* MainMenu.nib */,
			);
			name = Resources;
			sourceTree = "<group>";
		};
		29B97323FDCFA39411CA2CEA /* Frameworks */ = {
			isa = PBXGroup;
			children = (
				1058C7A0FEA54F0111CA2CBB /* Linked Frameworks */,
				1058C7A2FEA54F0111CA2CBB /* Other Frameworks */,
			);
			name = Frameworks;
			sourceTree = "<group>";
		};
/* End PBXGroup section */

/* Begin PBXNativeTarget section */
		8D1107260486CEB800E47090 /* LogitechLCDTool */ = {
			isa = PBXNativeTarget;
			buildConfigurationList = C01FCF4A08A954540054247B /* Build configuration list for PBXNativeTarget "LogitechLCDTool" */;
			buildPhases = (
				8D1107290486CEB800E47090 /* Resources */,
				8D11072C0486CEB800E47090 /* Sources */,
				8D11072E0486CEB800E47090 /* Frameworks */,
				1BD789610B494B740094B0E4 /* CopyFiles */,
			);
			buildRules = (
			);
			dependencies = (
			);
			name = LogitechLCDTool;
			productInstallPath = "$(HOME)/Applications";
			productName = LogitechLCDTool;
			productReference = 8D1107320486CEB800E47090 /* LogitechLCDTool.app */;
			productType = "com.apple.product-type.application";
		};
/* End PBXNativeTarget section */

/* Begin PBXProject section */
		29B97313FDCFA39411CA2CEA /* Project object */ = {
			isa = PBXProject;
			buildConfigurationList = C01FCF4E08A954540054247B /* Build configuration list for PBXProject "LogitechLCDTool" */;
			hasScannedForEncodings = 1;
			mainGroup = 29B97314FDCFA39411CA2CEA /* LogitechLCDTool */;
			projectDirPath = "";
			targets = (
				8D1107260486CEB800E47090 /* LogitechLCDTool */,
				1BD7897E0B4953E50094B0E4 /* Dist */,
			);
		};
/* End PBXProject section */

/* Begin PBXResourcesBuildPhase section */
		8D1107290486CEB800E47090 /* Resources */ = {
			isa = PBXResourcesBuildPhase;
			buildActionMask = 2147483647;
			files = (
				8D11072A0486CEB800E47090 /* MainMenu.nib in Resources */,
				8D11072B0486CEB800E47090 /* InfoPlist.strings in Resources */,
				1B745D1B0B445ACE002D019A /* SystemAppleScripts.plist in Resources */,
				1B745DE40B452CCC002D019A /* icon.icns in Resources */,
				1B745E5A0B4539ED002D019A /* DefaultPrefs.plist in Resources */,
				1BE97AFB0B4D2478001D0D92 /* examples in Resources */,
				1B6BE27B0B4D89050079FFD5 /* library in Resources */,
			);
			runOnlyForDeploymentPostprocessing = 0;
		};
/* End PBXResourcesBuildPhase section */

/* Begin PBXShellScriptBuildPhase section */
		1BD7897D0B4953E50094B0E4 /* ShellScript */ = {
			isa = PBXShellScriptBuildPhase;
			buildActionMask = 2147483647;
			files = (
			);
			inputPaths = (
			);
			outputPaths = (
			);
			runOnlyForDeploymentPostprocessing = 0;
			shellPath = /bin/sh;
			shellScript = "# shell script goes here\nsh dist.sh";
		};
/* End PBXShellScriptBuildPhase section */

/* Begin PBXSourcesBuildPhase section */
		8D11072C0486CEB800E47090 /* Sources */ = {
			isa = PBXSourcesBuildPhase;
			buildActionMask = 2147483647;
			files = (
				8D11072D0486CEB800E47090 /* main.m in Sources */,
				1BBAEBD10B374B3800957377 /* AppDelegate.m in Sources */,
				1BFB70F80B41AD9000B25122 /* UsbHidDevice.m in Sources */,
				1BA9D3D70B43277000BE67E3 /* AlwaysOnWindow.m in Sources */,
				1B745B8B0B444E27002D019A /* WebScriptingProxy.m in Sources */,
			);
			runOnlyForDeploymentPostprocessing = 0;
		};
/* End PBXSourcesBuildPhase section */

/* Begin PBXTargetDependency section */
		1BD789800B4953E90094B0E4 /* PBXTargetDependency */ = {
			isa = PBXTargetDependency;
			target = 8D1107260486CEB800E47090 /* LogitechLCDTool */;
			targetProxy = 1BD7897F0B4953E90094B0E4 /* PBXContainerItemProxy */;
		};
/* End PBXTargetDependency section */

/* Begin PBXVariantGroup section */
		089C165CFE840E0CC02AAC07 /* InfoPlist.strings */ = {
			isa = PBXVariantGroup;
			children = (
				089C165DFE840E0CC02AAC07 /* English */,
			);
			name = InfoPlist.strings;
			sourceTree = "<group>";
		};
		29B97318FDCFA39411CA2CEA /* MainMenu.nib */ = {
			isa = PBXVariantGroup;
			children = (
				29B97319FDCFA39411CA2CEA /* English */,
			);
			name = MainMenu.nib;
			sourceTree = "<group>";
		};
/* End PBXVariantGroup section */

/* Begin XCBuildConfiguration section */
		1BD789820B4954070094B0E4 /* Debug */ = {
			isa = XCBuildConfiguration;
			buildSettings = {
				COPY_PHASE_STRIP = NO;
				GCC_DYNAMIC_NO_PIC = NO;
				GCC_GENERATE_DEBUGGING_SYMBOLS = YES;
				GCC_OPTIMIZATION_LEVEL = 0;
				PRODUCT_NAME = Dist;
			};
			name = Debug;
		};
		1BD789830B4954070094B0E4 /* Release */ = {
			isa = XCBuildConfiguration;
			buildSettings = {
				COPY_PHASE_STRIP = YES;
				GCC_ENABLE_FIX_AND_CONTINUE = NO;
				GCC_GENERATE_DEBUGGING_SYMBOLS = NO;
				PRODUCT_NAME = Dist;
				ZERO_LINK = NO;
			};
			name = Release;
		};
		C01FCF4B08A954540054247B /* Debug */ = {
			isa = XCBuildConfiguration;
			buildSettings = {
				COPY_PHASE_STRIP = NO;
				FRAMEWORK_SEARCH_PATHS = (
					"$(inherited)",
					"$(FRAMEWORK_SEARCH_PATHS_QUOTED_1)",
				);
				FRAMEWORK_SEARCH_PATHS_QUOTED_1 = "\"$(SRCROOT)/Frameworks/Sparkle-1.1\"";
				GCC_DYNAMIC_NO_PIC = NO;
				GCC_ENABLE_FIX_AND_CONTINUE = YES;
				GCC_MODEL_TUNING = G5;
				GCC_OPTIMIZATION_LEVEL = 0;
				INFOPLIST_FILE = Info.plist;
				INSTALL_PATH = "$(HOME)/Applications";
				PRODUCT_NAME = LogitechLCDTool;
				WRAPPER_EXTENSION = app;
				ZERO_LINK = YES;
			};
			name = Debug;
		};
		C01FCF4C08A954540054247B /* Release */ = {
			isa = XCBuildConfiguration;
			buildSettings = {
				ARCHS = (
					ppc,
					i386,
				);
				FRAMEWORK_SEARCH_PATHS = (
					"$(inherited)",
					"$(FRAMEWORK_SEARCH_PATHS_QUOTED_1)",
				);
				FRAMEWORK_SEARCH_PATHS_QUOTED_1 = "\"$(SRCROOT)/Frameworks/Sparkle-1.1\"";
				GCC_GENERATE_DEBUGGING_SYMBOLS = NO;
				GCC_MODEL_TUNING = G5;
				INFOPLIST_FILE = Info.plist;
				INSTALL_PATH = "$(HOME)/Applications";
				PRODUCT_NAME = LogitechLCDTool;
				WRAPPER_EXTENSION = app;
			};
			name = Release;
		};
		C01FCF4F08A954540054247B /* Debug */ = {
			isa = XCBuildConfiguration;
			buildSettings = {
				GCC_WARN_ABOUT_RETURN_TYPE = YES;
				GCC_WARN_UNUSED_VARIABLE = YES;
				PREBINDING = NO;
				SDKROOT = /Developer/SDKs/MacOSX10.4u.sdk;
			};
			name = Debug;
		};
		C01FCF5008A954540054247B /* Release */ = {
			isa = XCBuildConfiguration;
			buildSettings = {
				GCC_WARN_ABOUT_RETURN_TYPE = YES;
				GCC_WARN_UNUSED_VARIABLE = YES;
				PREBINDING = NO;
				SDKROOT = /Developer/SDKs/MacOSX10.4u.sdk;
			};
			name = Release;
		};
/* End XCBuildConfiguration section */

/* Begin XCConfigurationList section */
		1BD789810B4954070094B0E4 /* Build configuration list for PBXAggregateTarget "Dist" */ = {
			isa = XCConfigurationList;
			buildConfigurations = (
				1BD789820B4954070094B0E4 /* Debug */,
				1BD789830B4954070094B0E4 /* Release */,
			);
			defaultConfigurationIsVisible = 0;
			defaultConfigurationName = Release;
		};
		C01FCF4A08A954540054247B /* Build configuration list for PBXNativeTarget "LogitechLCDTool" */ = {
			isa = XCConfigurationList;
			buildConfigurations = (
				C01FCF4B08A954540054247B /* Debug */,
				C01FCF4C08A954540054247B /* Release */,
			);
			defaultConfigurationIsVisible = 0;
			defaultConfigurationName = Release;
		};
		C01FCF4E08A954540054247B /* Build configuration list for PBXProject "LogitechLCDTool" */ = {
			isa = XCConfigurationList;
			buildConfigurations = (
				C01FCF4F08A954540054247B /* Debug */,
				C01FCF5008A954540054247B /* Release */,
			);
			defaultConfigurationIsVisible = 0;
			defaultConfigurationName = Release;
		};
/* End XCConfigurationList section */
	};
	rootObject = 29B97313FDCFA39411CA2CEA /* Project object */;
}
